
Microsoft Visual Studio Solution File, Format Version 12.00
# Visual Studio Version 16
VisualStudioVersion = 16.0.29424.173
MinimumVisualStudioVersion = 10.0.40219.1
Project("{9A19103F-16F7-4668-BE54-9A1E7A4F7556}") = "DemoProject", "DemoProject\DemoProject.csproj", "{EE9E7A48-B953-47E2-AF1A-0F1E0F956BE2}"
EndProject
Project("{2150E333-8FDC-42A3-9474-1A3956D46DE8}") = "DemoGRPC", "DemoGRPC", "{AC0644EA-B379-49A6-B9DD-148DDFAD3DD8}"
EndProject
Project("{9A19103F-16F7-4668-BE54-9A1E7A4F7556}") = "GrpcService1", "GrpcService1\GrpcService1.csproj", "{C2774C4A-3958-4708-ADD8-AC144ACD29F1}"
EndProject
Project("{9A19103F-16F7-4668-BE54-9A1E7A4F7556}") = "GrpcService2", "GrpcService2\GrpcService2.csproj", "{75809CBC-3863-4EB0-BE3F-DFAB8F258DCB}"
EndProject
Project("{9A19103F-16F7-4668-BE54-9A1E7A4F7556}") = "WebApplication1", "WebApplication1\WebApplication1.csproj", "{25520574-3319-41A3-9E59-2D513E2D6E68}"
EndProject
Project("{9A19103F-16F7-4668-BE54-9A1E7A4F7556}") = "DiagnosticSourceSample", "DiagnosticSourceSample\DiagnosticSourceSample.csproj", "{CACD8223-3E21-49E2-93BE-CFB788C0EB2F}"
EndProject
Project("{2150E333-8FDC-42A3-9474-1A3956D46DE8}") = "DemoDiagnosticSource", "DemoDiagnosticSource", "{11A50DE2-9A68-4280-B938-89057D6FC633}"
EndProject
Project("{FAE04EC0-301F-11D3-BF4B-00C04F79EFBC}") = "DiagnosticSourceWebAPI", "DiagnosticSourceWebAPI\DiagnosticSourceWebAPI.csproj", "{BE6DED73-E74F-4491-A09E-67578D25304B}"
EndProject
Project("{2150E333-8FDC-42A3-9474-1A3956D46DE8}") = "DemoConsul", "DemoConsul", "{D29645F6-91B1-4B95-8878-C19214366D4B}"
EndProject
Project("{9A19103F-16F7-4668-BE54-9A1E7A4F7556}") = "TCIS-SSC-RCMS.Commons", "F:\Ke_Hoach\Container_Lanh\repositories\TCIS-SSC-RCMS.Common\src\TCIS-SSC-RCMS.Commons\TCIS-SSC-RCMS.Commons.csproj", "{2101E349-C17D-4ACE-91CC-B3C9F5BD8EB4}"
EndProject
Project("{FAE04EC0-301F-11D3-BF4B-00C04F79EFBC}") = "WebAPI1", "WebAPI1\WebAPI1.csproj", "{9D3FC77A-8DBB-4F3F-BA01-F22391C70ABF}"
EndProject
Project("{FAE04EC0-301F-11D3-BF4B-00C04F79EFBC}") = "WebAPI2", "WebAPI2\WebAPI2.csproj", "{5776BD99-DC2E-465E-99E0-AB3C0B1884A8}"
EndProject
Project("{FAE04EC0-301F-11D3-BF4B-00C04F79EFBC}") = "APIGateway", "APIGateway\APIGateway.csproj", "{B8CE22B4-1B3F-4630-ACB7-3BA254BF3442}"
EndProject
Project("{FAE04EC0-301F-11D3-BF4B-00C04F79EFBC}") = "UserManagement", "UserManagement\UserManagement.csproj", "{1873A6C0-A0BC-4323-9866-9EE2330FAC98}"
EndProject
Global
	GlobalSection(SolutionConfigurationPlatforms) = preSolution
		Debug|Any CPU = Debug|Any CPU
		Release|Any CPU = Release|Any CPU
	EndGlobalSection
	GlobalSection(ProjectConfigurationPlatforms) = postSolution
		{EE9E7A48-B953-47E2-AF1A-0F1E0F956BE2}.Debug|Any CPU.ActiveCfg = Debug|Any CPU
		{EE9E7A48-B953-47E2-AF1A-0F1E0F956BE2}.Debug|Any CPU.Build.0 = Debug|Any CPU
		{EE9E7A48-B953-47E2-AF1A-0F1E0F956BE2}.Release|Any CPU.ActiveCfg = Release|Any CPU
		{EE9E7A48-B953-47E2-AF1A-0F1E0F956BE2}.Release|Any CPU.Build.0 = Release|Any CPU
		{C2774C4A-3958-4708-ADD8-AC144ACD29F1}.Debug|Any CPU.ActiveCfg = Debug|Any CPU
		{C2774C4A-3958-4708-ADD8-AC144ACD29F1}.Debug|Any CPU.Build.0 = Debug|Any CPU
		{C2774C4A-3958-4708-ADD8-AC144ACD29F1}.Release|Any CPU.ActiveCfg = Release|Any CPU
		{C2774C4A-3958-4708-ADD8-AC144ACD29F1}.Release|Any CPU.Build.0 = Release|Any CPU
		{75809CBC-3863-4EB0-BE3F-DFAB8F258DCB}.Debug|Any CPU.ActiveCfg = Debug|Any CPU
		{75809CBC-3863-4EB0-BE3F-DFAB8F258DCB}.Debug|Any CPU.Build.0 = Debug|Any CPU
		{75809CBC-3863-4EB0-BE3F-DFAB8F258DCB}.Release|Any CPU.ActiveCfg = Release|Any CPU
		{75809CBC-3863-4EB0-BE3F-DFAB8F258DCB}.Release|Any CPU.Build.0 = Release|Any CPU
		{25520574-3319-41A3-9E59-2D513E2D6E68}.Debug|Any CPU.ActiveCfg = Debug|Any CPU
		{25520574-3319-41A3-9E59-2D513E2D6E68}.Debug|Any CPU.Build.0 = Debug|Any CPU
		{25520574-3319-41A3-9E59-2D513E2D6E68}.Release|Any CPU.ActiveCfg = Release|Any CPU
		{25520574-3319-41A3-9E59-2D513E2D6E68}.Release|Any CPU.Build.0 = Release|Any CPU
		{CACD8223-3E21-49E2-93BE-CFB788C0EB2F}.Debug|Any CPU.ActiveCfg = Debug|Any CPU
		{CACD8223-3E21-49E2-93BE-CFB788C0EB2F}.Debug|Any CPU.Build.0 = Debug|Any CPU
		{CACD8223-3E21-49E2-93BE-CFB788C0EB2F}.Release|Any CPU.ActiveCfg = Release|Any CPU
		{CACD8223-3E21-49E2-93BE-CFB788C0EB2F}.Release|Any CPU.Build.0 = Release|Any CPU
		{BE6DED73-E74F-4491-A09E-67578D25304B}.Debug|Any CPU.ActiveCfg = Debug|Any CPU
		{BE6DED73-E74F-4491-A09E-67578D25304B}.Debug|Any CPU.Build.0 = Debug|Any CPU
		{BE6DED73-E74F-4491-A09E-67578D25304B}.Release|Any CPU.ActiveCfg = Release|Any CPU
		{BE6DED73-E74F-4491-A09E-67578D25304B}.Release|Any CPU.Build.0 = Release|Any CPU
		{2101E349-C17D-4ACE-91CC-B3C9F5BD8EB4}.Debug|Any CPU.ActiveCfg = Debug|Any CPU
		{2101E349-C17D-4ACE-91CC-B3C9F5BD8EB4}.Debug|Any CPU.Build.0 = Debug|Any CPU
		{2101E349-C17D-4ACE-91CC-B3C9F5BD8EB4}.Release|Any CPU.ActiveCfg = Release|Any CPU
		{2101E349-C17D-4ACE-91CC-B3C9F5BD8EB4}.Release|Any CPU.Build.0 = Release|Any CPU
		{9D3FC77A-8DBB-4F3F-BA01-F22391C70ABF}.Debug|Any CPU.ActiveCfg = Debug|Any CPU
		{9D3FC77A-8DBB-4F3F-BA01-F22391C70ABF}.Debug|Any CPU.Build.0 = Debug|Any CPU
		{9D3FC77A-8DBB-4F3F-BA01-F22391C70ABF}.Release|Any CPU.ActiveCfg = Release|Any CPU
		{9D3FC77A-8DBB-4F3F-BA01-F22391C70ABF}.Release|Any CPU.Build.0 = Release|Any CPU
		{5776BD99-DC2E-465E-99E0-AB3C0B1884A8}.Debug|Any CPU.ActiveCfg = Debug|Any CPU
		{5776BD99-DC2E-465E-99E0-AB3C0B1884A8}.Debug|Any CPU.Build.0 = Debug|Any CPU
		{5776BD99-DC2E-465E-99E0-AB3C0B1884A8}.Release|Any CPU.ActiveCfg = Release|Any CPU
		{5776BD99-DC2E-465E-99E0-AB3C0B1884A8}.Release|Any CPU.Build.0 = Release|Any CPU
		{B8CE22B4-1B3F-4630-ACB7-3BA254BF3442}.Debug|Any CPU.ActiveCfg = Debug|Any CPU
		{B8CE22B4-1B3F-4630-ACB7-3BA254BF3442}.Debug|Any CPU.Build.0 = Debug|Any CPU
		{B8CE22B4-1B3F-4630-ACB7-3BA254BF3442}.Release|Any CPU.ActiveCfg = Release|Any CPU
		{B8CE22B4-1B3F-4630-ACB7-3BA254BF3442}.Release|Any CPU.Build.0 = Release|Any CPU
		{1873A6C0-A0BC-4323-9866-9EE2330FAC98}.Debug|Any CPU.ActiveCfg = Debug|Any CPU
		{1873A6C0-A0BC-4323-9866-9EE2330FAC98}.Debug|Any CPU.Build.0 = Debug|Any CPU
		{1873A6C0-A0BC-4323-9866-9EE2330FAC98}.Release|Any CPU.ActiveCfg = Release|Any CPU
		{1873A6C0-A0BC-4323-9866-9EE2330FAC98}.Release|Any CPU.Build.0 = Release|Any CPU
	EndGlobalSection
	GlobalSection(SolutionProperties) = preSolution
		HideSolutionNode = FALSE
	EndGlobalSection
	GlobalSection(NestedProjects) = preSolution
		{C2774C4A-3958-4708-ADD8-AC144ACD29F1} = {AC0644EA-B379-49A6-B9DD-148DDFAD3DD8}
		{75809CBC-3863-4EB0-BE3F-DFAB8F258DCB} = {AC0644EA-B379-49A6-B9DD-148DDFAD3DD8}
		{25520574-3319-41A3-9E59-2D513E2D6E68} = {AC0644EA-B379-49A6-B9DD-148DDFAD3DD8}
		{CACD8223-3E21-49E2-93BE-CFB788C0EB2F} = {11A50DE2-9A68-4280-B938-89057D6FC633}
		{BE6DED73-E74F-4491-A09E-67578D25304B} = {11A50DE2-9A68-4280-B938-89057D6FC633}
		{2101E349-C17D-4ACE-91CC-B3C9F5BD8EB4} = {D29645F6-91B1-4B95-8878-C19214366D4B}
		{9D3FC77A-8DBB-4F3F-BA01-F22391C70ABF} = {D29645F6-91B1-4B95-8878-C19214366D4B}
		{5776BD99-DC2E-465E-99E0-AB3C0B1884A8} = {D29645F6-91B1-4B95-8878-C19214366D4B}
		{B8CE22B4-1B3F-4630-ACB7-3BA254BF3442} = {D29645F6-91B1-4B95-8878-C19214366D4B}
		{1873A6C0-A0BC-4323-9866-9EE2330FAC98} = {D29645F6-91B1-4B95-8878-C19214366D4B}
	EndGlobalSection
	GlobalSection(ExtensibilityGlobals) = postSolution
		SolutionGuid = {19F83934-3F42-4D7F-B517-93FD4390CB92}
	EndGlobalSection
EndGlobal
